// !$*UTF8*$!
{
	archiveVersion = 1;
	classes = {
	};
	objectVersion = 50;
	objects = {

/* Begin PBXBuildFile section */
		4149DD8C254ABAAD005B0447 /* AppDelegate.m in Sources */ = {isa = PBXBuildFile; fileRef = 4149DD8B254ABAAD005B0447 /* AppDelegate.m */; };
		4149DD8F254ABAAD005B0447 /* SceneDelegate.m in Sources */ = {isa = PBXBuildFile; fileRef = 4149DD8E254ABAAD005B0447 /* SceneDelegate.m */; };
		4149DD92254ABAAD005B0447 /* ViewController.m in Sources */ = {isa = PBXBuildFile; fileRef = 4149DD91254ABAAD005B0447 /* ViewController.m */; };
		4149DD95254ABAAD005B0447 /* Main.storyboard in Resources */ = {isa = PBXBuildFile; fileRef = 4149DD93254ABAAD005B0447 /* Main.storyboard */; };
		4149DD97254ABAAE005B0447 /* Assets.xcassets in Resources */ = {isa = PBXBuildFile; fileRef = 4149DD96254ABAAE005B0447 /* Assets.xcassets */; };
		4149DD9A254ABAAE005B0447 /* LaunchScreen.storyboard in Resources */ = {isa = PBXBuildFile; fileRef = 4149DD98254ABAAE005B0447 /* LaunchScreen.storyboard */; };
		4149DD9D254ABAAE005B0447 /* main.m in Sources */ = {isa = PBXBuildFile; fileRef = 4149DD9C254ABAAE005B0447 /* main.m */; };
		4149DDA7254ABAAF005B0447 /* OROCSummaryTests.m in Sources */ = {isa = PBXBuildFile; fileRef = 4149DDA6254ABAAF005B0447 /* OROCSummaryTests.m */; };
		4149DDB2254ABAAF005B0447 /* OROCSummaryUITests.m in Sources */ = {isa = PBXBuildFile; fileRef = 4149DDB1254ABAAF005B0447 /* OROCSummaryUITests.m */; };
/* End PBXBuildFile section */

/* Begin PBXContainerItemProxy section */
		4149DDA3254ABAAF005B0447 /* PBXContainerItemProxy */ = {
			isa = PBXContainerItemProxy;
			containerPortal = 4149DD7F254ABAAD005B0447 /* Project object */;
			proxyType = 1;
			remoteGlobalIDString = 4149DD86254ABAAD005B0447;
			remoteInfo = OROCSummary;
		};
		4149DDAE254ABAAF005B0447 /* PBXContainerItemProxy */ = {
			isa = PBXContainerItemProxy;
			containerPortal = 4149DD7F254ABAAD005B0447 /* Project object */;
			proxyType = 1;
			remoteGlobalIDString = 4149DD86254ABAAD005B0447;
			remoteInfo = OROCSummary;
		};
/* End PBXContainerItemProxy section */

/* Begin PBXFileReference section */
		4149DD87254ABAAD005B0447 /* OROCSummary.app */ = {isa = PBXFileReference; explicitFileType = wrapper.application; includeInIndex = 0; path = OROCSummary.app; sourceTree = BUILT_PRODUCTS_DIR; };
		4149DD8A254ABAAD005B0447 /* AppDelegate.h */ = {isa = PBXFileReference; lastKnownFileType = sourcecode.c.h; path = AppDelegate.h; sourceTree = "<group>"; };
		4149DD8B254ABAAD005B0447 /* AppDelegate.m */ = {isa = PBXFileReference; lastKnownFileType = sourcecode.c.objc; path = AppDelegate.m; sourceTree = "<group>"; };
		4149DD8D254ABAAD005B0447 /* SceneDelegate.h */ = {isa = PBXFileReference; lastKnownFileType = sourcecode.c.h; path = SceneDelegate.h; sourceTree = "<group>"; };
		4149DD8E254ABAAD005B0447 /* SceneDelegate.m */ = {isa = PBXFileReference; lastKnownFileType = sourcecode.c.objc; path = SceneDelegate.m; sourceTree = "<group>"; };
		4149DD90254ABAAD005B0447 /* ViewController.h */ = {isa = PBXFileReference; lastKnownFileType = sourcecode.c.h; path = ViewController.h; sourceTree = "<group>"; };
		4149DD91254ABAAD005B0447 /* ViewController.m */ = {isa = PBXFileReference; lastKnownFileType = sourcecode.c.objc; path = ViewController.m; sourceTree = "<group>"; };
		4149DD94254ABAAD005B0447 /* Base */ = {isa = PBXFileReference; lastKnownFileType = file.storyboard; name = Base; path = Base.lproj/Main.storyboard; sourceTree = "<group>"; };
		4149DD96254ABAAE005B0447 /* Assets.xcassets */ = {isa = PBXFileReference; lastKnownFileType = folder.assetcatalog; path = Assets.xcassets; sourceTree = "<group>"; };
		4149DD99254ABAAE005B0447 /* Base */ = {isa = PBXFileReference; lastKnownFileType = file.storyboard; name = Base; path = Base.lproj/LaunchScreen.storyboard; sourceTree = "<group>"; };
		4149DD9B254ABAAE005B0447 /* Info.plist */ = {isa = PBXFileReference; lastKnownFileType = text.plist.xml; path = Info.plist; sourceTree = "<group>"; };
		4149DD9C254ABAAE005B0447 /* main.m */ = {isa = PBXFileReference; lastKnownFileType = sourcecode.c.objc; path = main.m; sourceTree = "<group>"; };
		4149DDA2254ABAAF005B0447 /* OROCSummaryTests.xctest */ = {isa = PBXFileReference; explicitFileType = wrapper.cfbundle; includeInIndex = 0; path = OROCSummaryTests.xctest; sourceTree = BUILT_PRODUCTS_DIR; };
		4149DDA6254ABAAF005B0447 /* OROCSummaryTests.m */ = {isa = PBXFileReference; lastKnownFileType = sourcecode.c.objc; path = OROCSummaryTests.m; sourceTree = "<group>"; };
		4149DDA8254ABAAF005B0447 /* Info.plist */ = {isa = PBXFileReference; lastKnownFileType = text.plist.xml; path = Info.plist; sourceTree = "<group>"; };
		4149DDAD254ABAAF005B0447 /* OROCSummaryUITests.xctest */ = {isa = PBXFileReference; explicitFileType = wrapper.cfbundle; includeInIndex = 0; path = OROCSummaryUITests.xctest; sourceTree = BUILT_PRODUCTS_DIR; };
		4149DDB1254ABAAF005B0447 /* OROCSummaryUITests.m */ = {isa = PBXFileReference; lastKnownFileType = sourcecode.c.objc; path = OROCSummaryUITests.m; sourceTree = "<group>"; };
		4149DDB3254ABAAF005B0447 /* Info.plist */ = {isa = PBXFileReference; lastKnownFileType = text.plist.xml; path = Info.plist; sourceTree = "<group>"; };
/* End PBXFileReference section */

/* Begin PBXFrameworksBuildPhase section */
		4149DD84254ABAAD005B0447 /* Frameworks */ = {
			isa = PBXFrameworksBuildPhase;
			buildActionMask = 2147483647;
			files = (
			);
			runOnlyForDeploymentPostprocessing = 0;
		};
		4149DD9F254ABAAF005B0447 /* Frameworks */ = {
			isa = PBXFrameworksBuildPhase;
			buildActionMask = 2147483647;
			files = (
			);
			runOnlyForDeploymentPostprocessing = 0;
		};
		4149DDAA254ABAAF005B0447 /* Frameworks */ = {
			isa = PBXFrameworksBuildPhase;
			buildActionMask = 2147483647;
			files = (
			);
			runOnlyForDeploymentPostprocessing = 0;
		};
/* End PBXFrameworksBuildPhase section */

/* Begin PBXGroup section */
		4149DD7E254ABAAD005B0447 = {
			isa = PBXGroup;
			children = (
				4149DD89254ABAAD005B0447 /* OROCSummary */,
				4149DDA5254ABAAF005B0447 /* OROCSummaryTests */,
				4149DDB0254ABAAF005B0447 /* OROCSummaryUITests */,
				4149DD88254ABAAD005B0447 /* Products */,
			);
			sourceTree = "<group>";
		};
		4149DD88254ABAAD005B0447 /* Products */ = {
			isa = PBXGroup;
			children = (
				4149DD87254ABAAD005B0447 /* OROCSummary.app */,
				4149DDA2254ABAAF005B0447 /* OROCSummaryTests.xctest */,
				4149DDAD254ABAAF005B0447 /* OROCSummaryUITests.xctest */,
			);
			name = Products;
			sourceTree = "<group>";
		};
		4149DD89254ABAAD005B0447 /* OROCSummary */ = {
			isa = PBXGroup;
			children = (
				4149DD8A254ABAAD005B0447 /* AppDelegate.h */,
				4149DD8B254ABAAD005B0447 /* AppDelegate.m */,
				4149DD8D254ABAAD005B0447 /* SceneDelegate.h */,
				4149DD8E254ABAAD005B0447 /* SceneDelegate.m */,
				4149DD90254ABAAD005B0447 /* ViewController.h */,
				4149DD91254ABAAD005B0447 /* ViewController.m */,
				4149DD93254ABAAD005B0447 /* Main.storyboard */,
				4149DD96254ABAAE005B0447 /* Assets.xcassets */,
				4149DD98254ABAAE005B0447 /* LaunchScreen.storyboard */,
				4149DD9B254ABAAE005B0447 /* Info.plist */,
				4149DD9C254ABAAE005B0447 /* main.m */,
			);
			path = OROCSummary;
			sourceTree = "<group>";
		};
		4149DDA5254ABAAF005B0447 /* OROCSummaryTests */ = {
			isa = PBXGroup;
			children = (
				4149DDA6254ABAAF005B0447 /* OROCSummaryTests.m */,
				4149DDA8254ABAAF005B0447 /* Info.plist */,
			);
			path = OROCSummaryTests;
			sourceTree = "<group>";
		};
		4149DDB0254ABAAF005B0447 /* OROCSummaryUITests */ = {
			isa = PBXGroup;
			children = (
				4149DDB1254ABAAF005B0447 /* OROCSummaryUITests.m */,
				4149DDB3254ABAAF005B0447 /* Info.plist */,
			);
			path = OROCSummaryUITests;
			sourceTree = "<group>";
		};
/* End PBXGroup section */

/* Begin PBXNativeTarget section */
		4149DD86254ABAAD005B0447 /* OROCSummary */ = {
			isa = PBXNativeTarget;
			buildConfigurationList = 4149DDB6254ABAAF005B0447 /* Build configuration list for PBXNativeTarget "OROCSummary" */;
			buildPhases = (
				4149DD83254ABAAD005B0447 /* Sources */,
				4149DD84254ABAAD005B0447 /* Frameworks */,
				4149DD85254ABAAD005B0447 /* Resources */,
			);
			buildRules = (
			);
			dependencies = (
			);
			name = OROCSummary;
			productName = OROCSummary;
			productReference = 4149DD87254ABAAD005B0447 /* OROCSummary.app */;
			productType = "com.apple.product-type.application";
		};
		4149DDA1254ABAAF005B0447 /* OROCSummaryTests */ = {
			isa = PBXNativeTarget;
			buildConfigurationList = 4149DDB9254ABAAF005B0447 /* Build configuration list for PBXNativeTarget "OROCSummaryTests" */;
			buildPhases = (
				4149DD9E254ABAAF005B0447 /* Sources */,
				4149DD9F254ABAAF005B0447 /* Frameworks */,
				4149DDA0254ABAAF005B0447 /* Resources */,
			);
			buildRules = (
			);
			dependencies = (
				4149DDA4254ABAAF005B0447 /* PBXTargetDependency */,
			);
			name = OROCSummaryTests;
			productName = OROCSummaryTests;
			productReference = 4149DDA2254ABAAF005B0447 /* OROCSummaryTests.xctest */;
			productType = "com.apple.product-type.bundle.unit-test";
		};
		4149DDAC254ABAAF005B0447 /* OROCSummaryUITests */ = {
			isa = PBXNativeTarget;
			buildConfigurationList = 4149DDBC254ABAAF005B0447 /* Build configuration list for PBXNativeTarget "OROCSummaryUITests" */;
			buildPhases = (
				4149DDA9254ABAAF005B0447 /* Sources */,
				4149DDAA254ABAAF005B0447 /* Frameworks */,
				4149DDAB254ABAAF005B0447 /* Resources */,
			);
			buildRules = (
			);
			dependencies = (
				4149DDAF254ABAAF005B0447 /* PBXTargetDependency */,
			);
			name = OROCSummaryUITests;
			productName = OROCSummaryUITests;
			productReference = 4149DDAD254ABAAF005B0447 /* OROCSummaryUITests.xctest */;
			productType = "com.apple.product-type.bundle.ui-testing";
		};
/* End PBXNativeTarget section */

/* Begin PBXProject section */
		4149DD7F254ABAAD005B0447 /* Project object */ = {
			isa = PBXProject;
			attributes = {
				LastUpgradeCheck = 1150;
				ORGANIZATIONNAME = orilme;
				TargetAttributes = {
					4149DD86254ABAAD005B0447 = {
						CreatedOnToolsVersion = 11.5;
					};
					4149DDA1254ABAAF005B0447 = {
						CreatedOnToolsVersion = 11.5;
						TestTargetID = 4149DD86254ABAAD005B0447;
					};
					4149DDAC254ABAAF005B0447 = {
						CreatedOnToolsVersion = 11.5;
						TestTargetID = 4149DD86254ABAAD005B0447;
					};
				};
			};
			buildConfigurationList = 4149DD82254ABAAD005B0447 /* Build configuration list for PBXProject "OROCSummary" */;
			compatibilityVersion = "Xcode 9.3";
			developmentRegion = en;
			hasScannedForEncodings = 0;
			knownRegions = (
				en,
				Base,
			);
			mainGroup = 4149DD7E254ABAAD005B0447;
			productRefGroup = 4149DD88254ABAAD005B0447 /* Products */;
			projectDirPath = "";
			projectRoot = "";
			targets = (
				4149DD86254ABAAD005B0447 /* OROCSummary */,
				4149DDA1254ABAAF005B0447 /* OROCSummaryTests */,
				4149DDAC254ABAAF005B0447 /* OROCSummaryUITests */,
			);
		};
/* End PBXProject section */

/* Begin PBXResourcesBuildPhase section */
		4149DD85254ABAAD005B0447 /* Resources */ = {
			isa = PBXResourcesBuildPhase;
			buildActionMask = 2147483647;
			files = (
				4149DD9A254ABAAE005B0447 /* LaunchScreen.storyboard in Resources */,
				4149DD97254ABAAE005B0447 /* Assets.xcassets in Resources */,
				4149DD95254ABAAD005B0447 /* Main.storyboard in Resources */,
			);
			runOnlyForDeploymentPostprocessing = 0;
		};
		4149DDA0254ABAAF005B0447 /* Resources */ = {
			isa = PBXResourcesBuildPhase;
			buildActionMask = 2147483647;
			files = (
			);
			runOnlyForDeploymentPostprocessing = 0;
		};
		4149DDAB254ABAAF005B0447 /* Resources */ = {
			isa = PBXResourcesBuildPhase;
			buildActionMask = 2147483647;
			files = (
			);
			runOnlyForDeploymentPostprocessing = 0;
		};
/* End PBXResourcesBuildPhase section */

/* Begin PBXSourcesBuildPhase section */
		4149DD83254ABAAD005B0447 /* Sources */ = {
			isa = PBXSourcesBuildPhase;
			buildActionMask = 2147483647;
			files = (
				4149DD92254ABAAD005B0447 /* ViewController.m in Sources */,
				4149DD8C254ABAAD005B0447 /* AppDelegate.m in Sources */,
				4149DD9D254ABAAE005B0447 /* main.m in Sources */,
				4149DD8F254ABAAD005B0447 /* SceneDelegate.m in Sources */,
			);
			runOnlyForDeploymentPostprocessing = 0;
		};
		4149DD9E254ABAAF005B0447 /* Sources */ = {
			isa = PBXSourcesBuildPhase;
			buildActionMask = 2147483647;
			files = (
				4149DDA7254ABAAF005B0447 /* OROCSummaryTests.m in Sources */,
			);
			runOnlyForDeploymentPostprocessing = 0;
		};
		4149DDA9254ABAAF005B0447 /* Sources */ = {
			isa = PBXSourcesBuildPhase;
			buildActionMask = 2147483647;
			files = (
				4149DDB2254ABAAF005B0447 /* OROCSummaryUITests.m in Sources */,
			);
			runOnlyForDeploymentPostprocessing = 0;
		};
/* End PBXSourcesBuildPhase section */

/* Begin PBXTargetDependency section */
		4149DDA4254ABAAF005B0447 /* PBXTargetDependency */ = {
			isa = PBXTargetDependency;
			target = 4149DD86254ABAAD005B0447 /* OROCSummary */;
			targetProxy = 4149DDA3254ABAAF005B0447 /* PBXContainerItemProxy */;
		};
		4149DDAF254ABAAF005B0447 /* PBXTargetDependency */ = {
			isa = PBXTargetDependency;
			target = 4149DD86254ABAAD005B0447 /* OROCSummary */;
			targetProxy = 4149DDAE254ABAAF005B0447 /* PBXContainerItemProxy */;
		};
/* End PBXTargetDependency section */

/* Begin PBXVariantGroup section */
		4149DD93254ABAAD005B0447 /* Main.storyboard */ = {
			isa = PBXVariantGroup;
			children = (
				4149DD94254ABAAD005B0447 /* Base */,
			);
			name = Main.storyboard;
			sourceTree = "<group>";
		};
		4149DD98254ABAAE005B0447 /* LaunchScreen.storyboard */ = {
			isa = PBXVariantGroup;
			children = (
				4149DD99254ABAAE005B0447 /* Base */,
			);
			name = LaunchScreen.storyboard;
			sourceTree = "<group>";
		};
/* End PBXVariantGroup section */

/* Begin XCBuildConfiguration section */
		4149DDB4254ABAAF005B0447 /* Debug */ = {
			isa = XCBuildConfiguration;
			buildSettings = {
				ALWAYS_SEARCH_USER_PATHS = NO;
				CLANG_ANALYZER_NONNULL = YES;
				CLANG_ANALYZER_NUMBER_OBJECT_CONVERSION = YES_AGGRESSIVE;
				CLANG_CXX_LANGUAGE_STANDARD = "gnu++14";
				CLANG_CXX_LIBRARY = "libc++";
				CLANG_ENABLE_MODULES = YES;
				CLANG_ENABLE_OBJC_ARC = YES;
				CLANG_ENABLE_OBJC_WEAK = YES;
				CLANG_WARN_BLOCK_CAPTURE_AUTORELEASING = YES;
				CLANG_WARN_BOOL_CONVERSION = YES;
				CLANG_WARN_COMMA = YES;
				CLANG_WARN_CONSTANT_CONVERSION = YES;
				CLANG_WARN_DEPRECATED_OBJC_IMPLEMENTATIONS = YES;
				CLANG_WARN_DIRECT_OBJC_ISA_USAGE = YES_ERROR;
				CLANG_WARN_DOCUMENTATION_COMMENTS = YES;
				CLANG_WARN_EMPTY_BODY = YES;
				CLANG_WARN_ENUM_CONVERSION = YES;
				CLANG_WARN_INFINITE_RECURSION = YES;
				CLANG_WARN_INT_CONVERSION = YES;
				CLANG_WARN_NON_LITERAL_NULL_CONVERSION = YES;
				CLANG_WARN_OBJC_IMPLICIT_RETAIN_SELF = YES;
				CLANG_WARN_OBJC_LITERAL_CONVERSION = YES;
				CLANG_WARN_OBJC_ROOT_CLASS = YES_ERROR;
				CLANG_WARN_RANGE_LOOP_ANALYSIS = YES;
				CLANG_WARN_STRICT_PROTOTYPES = YES;
				CLANG_WARN_SUSPICIOUS_MOVE = YES;
				CLANG_WARN_UNGUARDED_AVAILABILITY = YES_AGGRESSIVE;
				CLANG_WARN_UNREACHABLE_CODE = YES;
				CLANG_WARN__DUPLICATE_METHOD_MATCH = YES;
				COPY_PHASE_STRIP = NO;
				DEBUG_INFORMATION_FORMAT = dwarf;
				ENABLE_STRICT_OBJC_MSGSEND = YES;
				ENABLE_TESTABILITY = YES;
				GCC_C_LANGUAGE_STANDARD = gnu11;
				GCC_DYNAMIC_NO_PIC = NO;
				GCC_NO_COMMON_BLOCKS = YES;
				GCC_OPTIMIZATION_LEVEL = 0;
				GCC_PREPROCESSOR_DEFINITIONS = (
					"DEBUG=1",
					"$(inherited)",
				);
				GCC_WARN_64_TO_32_BIT_CONVERSION = YES;
				GCC_WARN_ABOUT_RETURN_TYPE = YES_ERROR;
				GCC_WARN_UNDECLARED_SELECTOR = YES;
				GCC_WARN_UNINITIALIZED_AUTOS = YES_AGGRESSIVE;
				GCC_WARN_UNUSED_FUNCTION = YES;
				GCC_WARN_UNUSED_VARIABLE = YES;
				IPHONEOS_DEPLOYMENT_TARGET = 13.5;
				MTL_ENABLE_DEBUG_INFO = INCLUDE_SOURCE;
				MTL_FAST_MATH = YES;
				ONLY_ACTIVE_ARCH = YES;
				SDKROOT = iphoneos;
			};
			name = Debug;
		};
		4149DDB5254ABAAF005B0447 /* Release */ = {
			isa = XCBuildConfiguration;
			buildSettings = {
				ALWAYS_SEARCH_USER_PATHS = NO;
				CLANG_ANALYZER_NONNULL = YES;
				CLANG_ANALYZER_NUMBER_OBJECT_CONVERSION = YES_AGGRESSIVE;
				CLANG_CXX_LANGUAGE_STANDARD = "gnu++14";
				CLANG_CXX_LIBRARY = "libc++";
				CLANG_ENABLE_MODULES = YES;
				CLANG_ENABLE_OBJC_ARC = YES;
				CLANG_ENABLE_OBJC_WEAK = YES;
				CLANG_WARN_BLOCK_CAPTURE_AUTORELEASING = YES;
				CLANG_WARN_BOOL_CONVERSION = YES;
				CLANG_WARN_COMMA = YES;
				CLANG_WARN_CONSTANT_CONVERSION = YES;
				CLANG_WARN_DEPRECATED_OBJC_IMPLEMENTATIONS = YES;
				CLANG_WARN_DIRECT_OBJC_ISA_USAGE = YES_ERROR;
				CLANG_WARN_DOCUMENTATION_COMMENTS = YES;
				CLANG_WARN_EMPTY_BODY = YES;
				CLANG_WARN_ENUM_CONVERSION = YES;
				CLANG_WARN_INFINITE_RECURSION = YES;
				CLANG_WARN_INT_CONVERSION = YES;
				CLANG_WARN_NON_LITERAL_NULL_CONVERSION = YES;
				CLANG_WARN_OBJC_IMPLICIT_RETAIN_SELF = YES;
				CLANG_WARN_OBJC_LITERAL_CONVERSION = YES;
				CLANG_WARN_OBJC_ROOT_CLASS = YES_ERROR;
				CLANG_WARN_RANGE_LOOP_ANALYSIS = YES;
				CLANG_WARN_STRICT_PROTOTYPES = YES;
				CLANG_WARN_SUSPICIOUS_MOVE = YES;
				CLANG_WARN_UNGUARDED_AVAILABILITY = YES_AGGRESSIVE;
				CLANG_WARN_UNREACHABLE_CODE = YES;
				CLANG_WARN__DUPLICATE_METHOD_MATCH = YES;
				COPY_PHASE_STRIP = NO;
				DEBUG_INFORMATION_FORMAT = "dwarf-with-dsym";
				ENABLE_NS_ASSERTIONS = NO;
				ENABLE_STRICT_OBJC_MSGSEND = YES;
				GCC_C_LANGUAGE_STANDARD = gnu11;
				GCC_NO_COMMON_BLOCKS = YES;
				GCC_WARN_64_TO_32_BIT_CONVERSION = YES;
				GCC_WARN_ABOUT_RETURN_TYPE = YES_ERROR;
				GCC_WARN_UNDECLARED_SELECTOR = YES;
				GCC_WARN_UNINITIALIZED_AUTOS = YES_AGGRESSIVE;
				GCC_WARN_UNUSED_FUNCTION = YES;
				GCC_WARN_UNUSED_VARIABLE = YES;
				IPHONEOS_DEPLOYMENT_TARGET = 13.5;
				MTL_ENABLE_DEBUG_INFO = NO;
				MTL_FAST_MATH = YES;
				SDKROOT = iphoneos;
				VALIDATE_PRODUCT = YES;
			};
			name = Release;
		};
		4149DDB7254ABAAF005B0447 /* Debug */ = {
			isa = XCBuildConfiguration;
			buildSettings = {
				ASSETCATALOG_COMPILER_APPICON_NAME = AppIcon;
				CODE_SIGN_STYLE = Automatic;
				DEVELOPMENT_TEAM = 6QP6YPWCTN;
				INFOPLIST_FILE = OROCSummary/Info.plist;
				LD_RUNPATH_SEARCH_PATHS = (
					"$(inherited)",
					"@executable_path/Frameworks",
				);
				PRODUCT_BUNDLE_IDENTIFIER = com.orilme.cn.OROCSummary;
				PRODUCT_NAME = "$(TARGET_NAME)";
				TARGETED_DEVICE_FAMILY = "1,2";
			};
			name = Debug;
		};
		4149DDB8254ABAAF005B0447 /* Release */ = {
			isa = XCBuildConfiguration;
			buildSettings = {
				ASSETCATALOG_COMPILER_APPICON_NAME = AppIcon;
				CODE_SIGN_STYLE = Automatic;
				DEVELOPMENT_TEAM = 6QP6YPWCTN;
				INFOPLIST_FILE = OROCSummary/Info.plist;
				LD_RUNPATH_SEARCH_PATHS = (
					"$(inherited)",
					"@executable_path/Frameworks",
				);
				PRODUCT_BUNDLE_IDENTIFIER = com.orilme.cn.OROCSummary;
				PRODUCT_NAME = "$(TARGET_NAME)";
				TARGETED_DEVICE_FAMILY = "1,2";
			};
			name = Release;
		};
		4149DDBA254ABAAF005B0447 /* Debug */ = {
			isa = XCBuildConfiguration;
			buildSettings = {
				BUNDLE_LOADER = "$(TEST_HOST)";
				CODE_SIGN_STYLE = Automatic;
				DEVELOPMENT_TEAM = 6QP6YPWCTN;
				INFOPLIST_FILE = OROCSummaryTests/Info.plist;
				IPHONEOS_DEPLOYMENT_TARGET = 13.5;
				LD_RUNPATH_SEARCH_PATHS = (
					"$(inherited)",
					"@executable_path/Frameworks",
					"@loader_path/Frameworks",
				);
				PRODUCT_BUNDLE_IDENTIFIER = com.orilme.cn.OROCSummaryTests;
				PRODUCT_NAME = "$(TARGET_NAME)";
				TARGETED_DEVICE_FAMILY = "1,2";
				TEST_HOST = "$(BUILT_PRODUCTS_DIR)/OROCSummary.app/OROCSummary";
			};
			name = Debug;
		};
		4149DDBB254ABAAF005B0447 /* Release */ = {
			isa = XCBuildConfiguration;
			buildSettings = {
				BUNDLE_LOADER = "$(TEST_HOST)";
				CODE_SIGN_STYLE = Automatic;
				DEVELOPMENT_TEAM = 6QP6YPWCTN;
				INFOPLIST_FILE = OROCSummaryTests/Info.plist;
				IPHONEOS_DEPLOYMENT_TARGET = 13.5;
				LD_RUNPATH_SEARCH_PATHS = (
					"$(inherited)",
					"@executable_path/Frameworks",
					"@loader_path/Frameworks",
				);
				PRODUCT_BUNDLE_IDENTIFIER = com.orilme.cn.OROCSummaryTests;
				PRODUCT_NAME = "$(TARGET_NAME)";
				TARGETED_DEVICE_FAMILY = "1,2";
				TEST_HOST = "$(BUILT_PRODUCTS_DIR)/OROCSummary.app/OROCSummary";
			};
			name = Release;
		};
		4149DDBD254ABAAF005B0447 /* Debug */ = {
			isa = XCBuildConfiguration;
			buildSettings = {
				CODE_SIGN_STYLE = Automatic;
				DEVELOPMENT_TEAM = 6QP6YPWCTN;
				INFOPLIST_FILE = OROCSummaryUITests/Info.plist;
				LD_RUNPATH_SEARCH_PATHS = (
					"$(inherited)",
					"@executable_path/Frameworks",
					"@loader_path/Frameworks",
				);
				PRODUCT_BUNDLE_IDENTIFIER = com.orilme.cn.OROCSummaryUITests;
				PRODUCT_NAME = "$(TARGET_NAME)";
				TARGETED_DEVICE_FAMILY = "1,2";
				TEST_TARGET_NAME = OROCSummary;
			};
			name = Debug;
		};
		4149DDBE254ABAAF005B0447 /* Release */ = {
			isa = XCBuildConfiguration;
			buildSettings = {
				CODE_SIGN_STYLE = Automatic;
				DEVELOPMENT_TEAM = 6QP6YPWCTN;
				INFOPLIST_FILE = OROCSummaryUITests/Info.plist;
				LD_RUNPATH_SEARCH_PATHS = (
					"$(inherited)",
					"@executable_path/Frameworks",
					"@loader_path/Frameworks",
				);
				PRODUCT_BUNDLE_IDENTIFIER = com.orilme.cn.OROCSummaryUITests;
				PRODUCT_NAME = "$(TARGET_NAME)";
				TARGETED_DEVICE_FAMILY = "1,2";
				TEST_TARGET_NAME = OROCSummary;
			};
			name = Release;
		};
/* End XCBuildConfiguration section */

/* Begin XCConfigurationList section */
		4149DD82254ABAAD005B0447 /* Build configuration list for PBXProject "OROCSummary" */ = {
			isa = XCConfigurationList;
			buildConfigurations = (
				4149DDB4254ABAAF005B0447 /* Debug */,
				4149DDB5254ABAAF005B0447 /* Release */,
			);
			defaultConfigurationIsVisible = 0;
			defaultConfigurationName = Release;
		};
		4149DDB6254ABAAF005B0447 /* Build configuration list for PBXNativeTarget "OROCSummary" */ = {
			isa = XCConfigurationList;
			buildConfigurations = (
				4149DDB7254ABAAF005B0447 /* Debug */,
				4149DDB8254ABAAF005B0447 /* Release */,
			);
			defaultConfigurationIsVisible = 0;
			defaultConfigurationName = Release;
		};
		4149DDB9254ABAAF005B0447 /* Build configuration list for PBXNativeTarget "OROCSummaryTests" */ = {
			isa = XCConfigurationList;
			buildConfigurations = (
				4149DDBA254ABAAF005B0447 /* Debug */,
				4149DDBB254ABAAF005B0447 /* Release */,
			);
			defaultConfigurationIsVisible = 0;
			defaultConfigurationName = Release;
		};
		4149DDBC254ABAAF005B0447 /* Build configuration list for PBXNativeTarget "OROCSummaryUITests" */ = {
			isa = XCConfigurationList;
			buildConfigurations = (
				4149DDBD254ABAAF005B0447 /* Debug */,
				4149DDBE254ABAAF005B0447 /* Release */,
			);
			defaultConfigurationIsVisible = 0;
			defaultConfigurationName = Release;
		};
/* End XCConfigurationList section */
	};
	rootObject = 4149DD7F254ABAAD005B0447 /* Project object */;
}
