// !$*UTF8*$!
{
	archiveVersion = 1;
	classes = {
	};
	objectVersion = 46;
	objects = {

/* Begin PBXBuildFile section */
		EA878BE91E7AE7220009B926 /* main.m in Sources */ = {isa = PBXBuildFile; fileRef = EA878BE81E7AE7220009B926 /* main.m */; };
		EA878BEC1E7AE7220009B926 /* AppDelegate.m in Sources */ = {isa = PBXBuildFile; fileRef = EA878BEB1E7AE7220009B926 /* AppDelegate.m */; };
		EA878BEF1E7AE7220009B926 /* ViewController.m in Sources */ = {isa = PBXBuildFile; fileRef = EA878BEE1E7AE7220009B926 /* ViewController.m */; };
		EA878BF21E7AE7220009B926 /* Main.storyboard in Resources */ = {isa = PBXBuildFile; fileRef = EA878BF01E7AE7220009B926 /* Main.storyboard */; };
		EA878BF41E7AE7220009B926 /* Assets.xcassets in Resources */ = {isa = PBXBuildFile; fileRef = EA878BF31E7AE7220009B926 /* Assets.xcassets */; };
		EA878BF71E7AE7220009B926 /* LaunchScreen.storyboard in Resources */ = {isa = PBXBuildFile; fileRef = EA878BF51E7AE7220009B926 /* LaunchScreen.storyboard */; };
		EA878C021E7AE7220009B926 /* MapJumpTests.m in Sources */ = {isa = PBXBuildFile; fileRef = EA878C011E7AE7220009B926 /* MapJumpTests.m */; };
		EA878C0D1E7AE7220009B926 /* MapJumpUITests.m in Sources */ = {isa = PBXBuildFile; fileRef = EA878C0C1E7AE7220009B926 /* MapJumpUITests.m */; };
		EAF51D401E8213E800214682 /* JZLocationConverter.m in Sources */ = {isa = PBXBuildFile; fileRef = EAF51D3F1E8213E800214682 /* JZLocationConverter.m */; };
/* End PBXBuildFile section */

/* Begin PBXContainerItemProxy section */
		EA878BFE1E7AE7220009B926 /* PBXContainerItemProxy */ = {
			isa = PBXContainerItemProxy;
			containerPortal = EA878BDC1E7AE7220009B926 /* Project object */;
			proxyType = 1;
			remoteGlobalIDString = EA878BE31E7AE7220009B926;
			remoteInfo = MapJump;
		};
		EA878C091E7AE7220009B926 /* PBXContainerItemProxy */ = {
			isa = PBXContainerItemProxy;
			containerPortal = EA878BDC1E7AE7220009B926 /* Project object */;
			proxyType = 1;
			remoteGlobalIDString = EA878BE31E7AE7220009B926;
			remoteInfo = MapJump;
		};
/* End PBXContainerItemProxy section */

/* Begin PBXFileReference section */
		EA878BE41E7AE7220009B926 /* MapJump.app */ = {isa = PBXFileReference; explicitFileType = wrapper.application; includeInIndex = 0; path = MapJump.app; sourceTree = BUILT_PRODUCTS_DIR; };
		EA878BE81E7AE7220009B926 /* main.m */ = {isa = PBXFileReference; lastKnownFileType = sourcecode.c.objc; path = main.m; sourceTree = "<group>"; };
		EA878BEA1E7AE7220009B926 /* AppDelegate.h */ = {isa = PBXFileReference; lastKnownFileType = sourcecode.c.h; path = AppDelegate.h; sourceTree = "<group>"; };
		EA878BEB1E7AE7220009B926 /* AppDelegate.m */ = {isa = PBXFileReference; lastKnownFileType = sourcecode.c.objc; path = AppDelegate.m; sourceTree = "<group>"; };
		EA878BED1E7AE7220009B926 /* ViewController.h */ = {isa = PBXFileReference; lastKnownFileType = sourcecode.c.h; path = ViewController.h; sourceTree = "<group>"; };
		EA878BEE1E7AE7220009B926 /* ViewController.m */ = {isa = PBXFileReference; lastKnownFileType = sourcecode.c.objc; path = ViewController.m; sourceTree = "<group>"; };
		EA878BF11E7AE7220009B926 /* Base */ = {isa = PBXFileReference; lastKnownFileType = file.storyboard; name = Base; path = Base.lproj/Main.storyboard; sourceTree = "<group>"; };
		EA878BF31E7AE7220009B926 /* Assets.xcassets */ = {isa = PBXFileReference; lastKnownFileType = folder.assetcatalog; path = Assets.xcassets; sourceTree = "<group>"; };
		EA878BF61E7AE7220009B926 /* Base */ = {isa = PBXFileReference; lastKnownFileType = file.storyboard; name = Base; path = Base.lproj/LaunchScreen.storyboard; sourceTree = "<group>"; };
		EA878BF81E7AE7220009B926 /* Info.plist */ = {isa = PBXFileReference; lastKnownFileType = text.plist.xml; path = Info.plist; sourceTree = "<group>"; };
		EA878BFD1E7AE7220009B926 /* MapJumpTests.xctest */ = {isa = PBXFileReference; explicitFileType = wrapper.cfbundle; includeInIndex = 0; path = MapJumpTests.xctest; sourceTree = BUILT_PRODUCTS_DIR; };
		EA878C011E7AE7220009B926 /* MapJumpTests.m */ = {isa = PBXFileReference; lastKnownFileType = sourcecode.c.objc; path = MapJumpTests.m; sourceTree = "<group>"; };
		EA878C031E7AE7220009B926 /* Info.plist */ = {isa = PBXFileReference; lastKnownFileType = text.plist.xml; path = Info.plist; sourceTree = "<group>"; };
		EA878C081E7AE7220009B926 /* MapJumpUITests.xctest */ = {isa = PBXFileReference; explicitFileType = wrapper.cfbundle; includeInIndex = 0; path = MapJumpUITests.xctest; sourceTree = BUILT_PRODUCTS_DIR; };
		EA878C0C1E7AE7220009B926 /* MapJumpUITests.m */ = {isa = PBXFileReference; lastKnownFileType = sourcecode.c.objc; path = MapJumpUITests.m; sourceTree = "<group>"; };
		EA878C0E1E7AE7220009B926 /* Info.plist */ = {isa = PBXFileReference; lastKnownFileType = text.plist.xml; path = Info.plist; sourceTree = "<group>"; };
		EAF51D3E1E8213E800214682 /* JZLocationConverter.h */ = {isa = PBXFileReference; fileEncoding = 4; lastKnownFileType = sourcecode.c.h; path = JZLocationConverter.h; sourceTree = "<group>"; };
		EAF51D3F1E8213E800214682 /* JZLocationConverter.m */ = {isa = PBXFileReference; fileEncoding = 4; lastKnownFileType = sourcecode.c.objc; path = JZLocationConverter.m; sourceTree = "<group>"; };
/* End PBXFileReference section */

/* Begin PBXFrameworksBuildPhase section */
		EA878BE11E7AE7220009B926 /* Frameworks */ = {
			isa = PBXFrameworksBuildPhase;
			buildActionMask = 2147483647;
			files = (
			);
			runOnlyForDeploymentPostprocessing = 0;
		};
		EA878BFA1E7AE7220009B926 /* Frameworks */ = {
			isa = PBXFrameworksBuildPhase;
			buildActionMask = 2147483647;
			files = (
			);
			runOnlyForDeploymentPostprocessing = 0;
		};
		EA878C051E7AE7220009B926 /* Frameworks */ = {
			isa = PBXFrameworksBuildPhase;
			buildActionMask = 2147483647;
			files = (
			);
			runOnlyForDeploymentPostprocessing = 0;
		};
/* End PBXFrameworksBuildPhase section */

/* Begin PBXGroup section */
		EA878BDB1E7AE7220009B926 = {
			isa = PBXGroup;
			children = (
				EA878BE61E7AE7220009B926 /* MapJump */,
				EA878C001E7AE7220009B926 /* MapJumpTests */,
				EA878C0B1E7AE7220009B926 /* MapJumpUITests */,
				EA878BE51E7AE7220009B926 /* Products */,
			);
			sourceTree = "<group>";
		};
		EA878BE51E7AE7220009B926 /* Products */ = {
			isa = PBXGroup;
			children = (
				EA878BE41E7AE7220009B926 /* MapJump.app */,
				EA878BFD1E7AE7220009B926 /* MapJumpTests.xctest */,
				EA878C081E7AE7220009B926 /* MapJumpUITests.xctest */,
			);
			name = Products;
			sourceTree = "<group>";
		};
		EA878BE61E7AE7220009B926 /* MapJump */ = {
			isa = PBXGroup;
			children = (
				EAF51D3D1E8213E800214682 /* JZLocationConverter */,
				EA878BEA1E7AE7220009B926 /* AppDelegate.h */,
				EA878BEB1E7AE7220009B926 /* AppDelegate.m */,
				EA878BED1E7AE7220009B926 /* ViewController.h */,
				EA878BEE1E7AE7220009B926 /* ViewController.m */,
				EA878BF01E7AE7220009B926 /* Main.storyboard */,
				EA878BF31E7AE7220009B926 /* Assets.xcassets */,
				EA878BF51E7AE7220009B926 /* LaunchScreen.storyboard */,
				EA878BF81E7AE7220009B926 /* Info.plist */,
				EA878BE71E7AE7220009B926 /* Supporting Files */,
			);
			path = MapJump;
			sourceTree = "<group>";
		};
		EA878BE71E7AE7220009B926 /* Supporting Files */ = {
			isa = PBXGroup;
			children = (
				EA878BE81E7AE7220009B926 /* main.m */,
			);
			name = "Supporting Files";
			sourceTree = "<group>";
		};
		EA878C001E7AE7220009B926 /* MapJumpTests */ = {
			isa = PBXGroup;
			children = (
				EA878C011E7AE7220009B926 /* MapJumpTests.m */,
				EA878C031E7AE7220009B926 /* Info.plist */,
			);
			path = MapJumpTests;
			sourceTree = "<group>";
		};
		EA878C0B1E7AE7220009B926 /* MapJumpUITests */ = {
			isa = PBXGroup;
			children = (
				EA878C0C1E7AE7220009B926 /* MapJumpUITests.m */,
				EA878C0E1E7AE7220009B926 /* Info.plist */,
			);
			path = MapJumpUITests;
			sourceTree = "<group>";
		};
		EAF51D3D1E8213E800214682 /* JZLocationConverter */ = {
			isa = PBXGroup;
			children = (
				EAF51D3E1E8213E800214682 /* JZLocationConverter.h */,
				EAF51D3F1E8213E800214682 /* JZLocationConverter.m */,
			);
			path = JZLocationConverter;
			sourceTree = "<group>";
		};
/* End PBXGroup section */

/* Begin PBXNativeTarget section */
		EA878BE31E7AE7220009B926 /* MapJump */ = {
			isa = PBXNativeTarget;
			buildConfigurationList = EA878C111E7AE7220009B926 /* Build configuration list for PBXNativeTarget "MapJump" */;
			buildPhases = (
				EA878BE01E7AE7220009B926 /* Sources */,
				EA878BE11E7AE7220009B926 /* Frameworks */,
				EA878BE21E7AE7220009B926 /* Resources */,
			);
			buildRules = (
			);
			dependencies = (
			);
			name = MapJump;
			productName = MapJump;
			productReference = EA878BE41E7AE7220009B926 /* MapJump.app */;
			productType = "com.apple.product-type.application";
		};
		EA878BFC1E7AE7220009B926 /* MapJumpTests */ = {
			isa = PBXNativeTarget;
			buildConfigurationList = EA878C141E7AE7220009B926 /* Build configuration list for PBXNativeTarget "MapJumpTests" */;
			buildPhases = (
				EA878BF91E7AE7220009B926 /* Sources */,
				EA878BFA1E7AE7220009B926 /* Frameworks */,
				EA878BFB1E7AE7220009B926 /* Resources */,
			);
			buildRules = (
			);
			dependencies = (
				EA878BFF1E7AE7220009B926 /* PBXTargetDependency */,
			);
			name = MapJumpTests;
			productName = MapJumpTests;
			productReference = EA878BFD1E7AE7220009B926 /* MapJumpTests.xctest */;
			productType = "com.apple.product-type.bundle.unit-test";
		};
		EA878C071E7AE7220009B926 /* MapJumpUITests */ = {
			isa = PBXNativeTarget;
			buildConfigurationList = EA878C171E7AE7220009B926 /* Build configuration list for PBXNativeTarget "MapJumpUITests" */;
			buildPhases = (
				EA878C041E7AE7220009B926 /* Sources */,
				EA878C051E7AE7220009B926 /* Frameworks */,
				EA878C061E7AE7220009B926 /* Resources */,
			);
			buildRules = (
			);
			dependencies = (
				EA878C0A1E7AE7220009B926 /* PBXTargetDependency */,
			);
			name = MapJumpUITests;
			productName = MapJumpUITests;
			productReference = EA878C081E7AE7220009B926 /* MapJumpUITests.xctest */;
			productType = "com.apple.product-type.bundle.ui-testing";
		};
/* End PBXNativeTarget section */

/* Begin PBXProject section */
		EA878BDC1E7AE7220009B926 /* Project object */ = {
			isa = PBXProject;
			attributes = {
				LastUpgradeCheck = 0820;
				ORGANIZATIONNAME = zhangsaibao;
				TargetAttributes = {
					EA878BE31E7AE7220009B926 = {
						CreatedOnToolsVersion = 8.2.1;
						DevelopmentTeam = 6QP6YPWCTN;
						ProvisioningStyle = Automatic;
					};
					EA878BFC1E7AE7220009B926 = {
						CreatedOnToolsVersion = 8.2.1;
						DevelopmentTeam = 6QP6YPWCTN;
						ProvisioningStyle = Automatic;
						TestTargetID = EA878BE31E7AE7220009B926;
					};
					EA878C071E7AE7220009B926 = {
						CreatedOnToolsVersion = 8.2.1;
						DevelopmentTeam = 6QP6YPWCTN;
						ProvisioningStyle = Automatic;
						TestTargetID = EA878BE31E7AE7220009B926;
					};
				};
			};
			buildConfigurationList = EA878BDF1E7AE7220009B926 /* Build configuration list for PBXProject "MapJump" */;
			compatibilityVersion = "Xcode 3.2";
			developmentRegion = English;
			hasScannedForEncodings = 0;
			knownRegions = (
				en,
				Base,
			);
			mainGroup = EA878BDB1E7AE7220009B926;
			productRefGroup = EA878BE51E7AE7220009B926 /* Products */;
			projectDirPath = "";
			projectRoot = "";
			targets = (
				EA878BE31E7AE7220009B926 /* MapJump */,
				EA878BFC1E7AE7220009B926 /* MapJumpTests */,
				EA878C071E7AE7220009B926 /* MapJumpUITests */,
			);
		};
/* End PBXProject section */

/* Begin PBXResourcesBuildPhase section */
		EA878BE21E7AE7220009B926 /* Resources */ = {
			isa = PBXResourcesBuildPhase;
			buildActionMask = 2147483647;
			files = (
				EA878BF71E7AE7220009B926 /* LaunchScreen.storyboard in Resources */,
				EA878BF41E7AE7220009B926 /* Assets.xcassets in Resources */,
				EA878BF21E7AE7220009B926 /* Main.storyboard in Resources */,
			);
			runOnlyForDeploymentPostprocessing = 0;
		};
		EA878BFB1E7AE7220009B926 /* Resources */ = {
			isa = PBXResourcesBuildPhase;
			buildActionMask = 2147483647;
			files = (
			);
			runOnlyForDeploymentPostprocessing = 0;
		};
		EA878C061E7AE7220009B926 /* Resources */ = {
			isa = PBXResourcesBuildPhase;
			buildActionMask = 2147483647;
			files = (
			);
			runOnlyForDeploymentPostprocessing = 0;
		};
/* End PBXResourcesBuildPhase section */

/* Begin PBXSourcesBuildPhase section */
		EA878BE01E7AE7220009B926 /* Sources */ = {
			isa = PBXSourcesBuildPhase;
			buildActionMask = 2147483647;
			files = (
				EA878BEF1E7AE7220009B926 /* ViewController.m in Sources */,
				EAF51D401E8213E800214682 /* JZLocationConverter.m in Sources */,
				EA878BEC1E7AE7220009B926 /* AppDelegate.m in Sources */,
				EA878BE91E7AE7220009B926 /* main.m in Sources */,
			);
			runOnlyForDeploymentPostprocessing = 0;
		};
		EA878BF91E7AE7220009B926 /* Sources */ = {
			isa = PBXSourcesBuildPhase;
			buildActionMask = 2147483647;
			files = (
				EA878C021E7AE7220009B926 /* MapJumpTests.m in Sources */,
			);
			runOnlyForDeploymentPostprocessing = 0;
		};
		EA878C041E7AE7220009B926 /* Sources */ = {
			isa = PBXSourcesBuildPhase;
			buildActionMask = 2147483647;
			files = (
				EA878C0D1E7AE7220009B926 /* MapJumpUITests.m in Sources */,
			);
			runOnlyForDeploymentPostprocessing = 0;
		};
/* End PBXSourcesBuildPhase section */

/* Begin PBXTargetDependency section */
		EA878BFF1E7AE7220009B926 /* PBXTargetDependency */ = {
			isa = PBXTargetDependency;
			target = EA878BE31E7AE7220009B926 /* MapJump */;
			targetProxy = EA878BFE1E7AE7220009B926 /* PBXContainerItemProxy */;
		};
		EA878C0A1E7AE7220009B926 /* PBXTargetDependency */ = {
			isa = PBXTargetDependency;
			target = EA878BE31E7AE7220009B926 /* MapJump */;
			targetProxy = EA878C091E7AE7220009B926 /* PBXContainerItemProxy */;
		};
/* End PBXTargetDependency section */

/* Begin PBXVariantGroup section */
		EA878BF01E7AE7220009B926 /* Main.storyboard */ = {
			isa = PBXVariantGroup;
			children = (
				EA878BF11E7AE7220009B926 /* Base */,
			);
			name = Main.storyboard;
			sourceTree = "<group>";
		};
		EA878BF51E7AE7220009B926 /* LaunchScreen.storyboard */ = {
			isa = PBXVariantGroup;
			children = (
				EA878BF61E7AE7220009B926 /* Base */,
			);
			name = LaunchScreen.storyboard;
			sourceTree = "<group>";
		};
/* End PBXVariantGroup section */

/* Begin XCBuildConfiguration section */
		EA878C0F1E7AE7220009B926 /* Debug */ = {
			isa = XCBuildConfiguration;
			buildSettings = {
				ALWAYS_SEARCH_USER_PATHS = NO;
				CLANG_ANALYZER_NONNULL = YES;
				CLANG_CXX_LANGUAGE_STANDARD = "gnu++0x";
				CLANG_CXX_LIBRARY = "libc++";
				CLANG_ENABLE_MODULES = YES;
				CLANG_ENABLE_OBJC_ARC = YES;
				CLANG_WARN_BOOL_CONVERSION = YES;
				CLANG_WARN_CONSTANT_CONVERSION = YES;
				CLANG_WARN_DIRECT_OBJC_ISA_USAGE = YES_ERROR;
				CLANG_WARN_DOCUMENTATION_COMMENTS = YES;
				CLANG_WARN_EMPTY_BODY = YES;
				CLANG_WARN_ENUM_CONVERSION = YES;
				CLANG_WARN_INFINITE_RECURSION = YES;
				CLANG_WARN_INT_CONVERSION = YES;
				CLANG_WARN_OBJC_ROOT_CLASS = YES_ERROR;
				CLANG_WARN_SUSPICIOUS_MOVE = YES;
				CLANG_WARN_UNREACHABLE_CODE = YES;
				CLANG_WARN__DUPLICATE_METHOD_MATCH = YES;
				"CODE_SIGN_IDENTITY[sdk=iphoneos*]" = "iPhone Developer";
				COPY_PHASE_STRIP = NO;
				DEBUG_INFORMATION_FORMAT = dwarf;
				ENABLE_STRICT_OBJC_MSGSEND = YES;
				ENABLE_TESTABILITY = YES;
				GCC_C_LANGUAGE_STANDARD = gnu99;
				GCC_DYNAMIC_NO_PIC = NO;
				GCC_NO_COMMON_BLOCKS = YES;
				GCC_OPTIMIZATION_LEVEL = 0;
				GCC_PREPROCESSOR_DEFINITIONS = (
					"DEBUG=1",
					"$(inherited)",
				);
				GCC_WARN_64_TO_32_BIT_CONVERSION = YES;
				GCC_WARN_ABOUT_RETURN_TYPE = YES_ERROR;
				GCC_WARN_UNDECLARED_SELECTOR = YES;
				GCC_WARN_UNINITIALIZED_AUTOS = YES_AGGRESSIVE;
				GCC_WARN_UNUSED_FUNCTION = YES;
				GCC_WARN_UNUSED_VARIABLE = YES;
				IPHONEOS_DEPLOYMENT_TARGET = 10.2;
				MTL_ENABLE_DEBUG_INFO = YES;
				ONLY_ACTIVE_ARCH = YES;
				SDKROOT = iphoneos;
				TARGETED_DEVICE_FAMILY = "1,2";
			};
			name = Debug;
		};
		EA878C101E7AE7220009B926 /* Release */ = {
			isa = XCBuildConfiguration;
			buildSettings = {
				ALWAYS_SEARCH_USER_PATHS = NO;
				CLANG_ANALYZER_NONNULL = YES;
				CLANG_CXX_LANGUAGE_STANDARD = "gnu++0x";
				CLANG_CXX_LIBRARY = "libc++";
				CLANG_ENABLE_MODULES = YES;
				CLANG_ENABLE_OBJC_ARC = YES;
				CLANG_WARN_BOOL_CONVERSION = YES;
				CLANG_WARN_CONSTANT_CONVERSION = YES;
				CLANG_WARN_DIRECT_OBJC_ISA_USAGE = YES_ERROR;
				CLANG_WARN_DOCUMENTATION_COMMENTS = YES;
				CLANG_WARN_EMPTY_BODY = YES;
				CLANG_WARN_ENUM_CONVERSION = YES;
				CLANG_WARN_INFINITE_RECURSION = YES;
				CLANG_WARN_INT_CONVERSION = YES;
				CLANG_WARN_OBJC_ROOT_CLASS = YES_ERROR;
				CLANG_WARN_SUSPICIOUS_MOVE = YES;
				CLANG_WARN_UNREACHABLE_CODE = YES;
				CLANG_WARN__DUPLICATE_METHOD_MATCH = YES;
				"CODE_SIGN_IDENTITY[sdk=iphoneos*]" = "iPhone Developer";
				COPY_PHASE_STRIP = NO;
				DEBUG_INFORMATION_FORMAT = "dwarf-with-dsym";
				ENABLE_NS_ASSERTIONS = NO;
				ENABLE_STRICT_OBJC_MSGSEND = YES;
				GCC_C_LANGUAGE_STANDARD = gnu99;
				GCC_NO_COMMON_BLOCKS = YES;
				GCC_WARN_64_TO_32_BIT_CONVERSION = YES;
				GCC_WARN_ABOUT_RETURN_TYPE = YES_ERROR;
				GCC_WARN_UNDECLARED_SELECTOR = YES;
				GCC_WARN_UNINITIALIZED_AUTOS = YES_AGGRESSIVE;
				GCC_WARN_UNUSED_FUNCTION = YES;
				GCC_WARN_UNUSED_VARIABLE = YES;
				IPHONEOS_DEPLOYMENT_TARGET = 10.2;
				MTL_ENABLE_DEBUG_INFO = NO;
				SDKROOT = iphoneos;
				TARGETED_DEVICE_FAMILY = "1,2";
				VALIDATE_PRODUCT = YES;
			};
			name = Release;
		};
		EA878C121E7AE7220009B926 /* Debug */ = {
			isa = XCBuildConfiguration;
			buildSettings = {
				ASSETCATALOG_COMPILER_APPICON_NAME = AppIcon;
				DEVELOPMENT_TEAM = 6QP6YPWCTN;
				INFOPLIST_FILE = MapJump/Info.plist;
				IPHONEOS_DEPLOYMENT_TARGET = 8.0;
				LD_RUNPATH_SEARCH_PATHS = "$(inherited) @executable_path/Frameworks";
				PRODUCT_BUNDLE_IDENTIFIER = MapJump;
				PRODUCT_NAME = "$(TARGET_NAME)";
				TARGETED_DEVICE_FAMILY = "1,2";
			};
			name = Debug;
		};
		EA878C131E7AE7220009B926 /* Release */ = {
			isa = XCBuildConfiguration;
			buildSettings = {
				ASSETCATALOG_COMPILER_APPICON_NAME = AppIcon;
				DEVELOPMENT_TEAM = 6QP6YPWCTN;
				INFOPLIST_FILE = MapJump/Info.plist;
				IPHONEOS_DEPLOYMENT_TARGET = 8.0;
				LD_RUNPATH_SEARCH_PATHS = "$(inherited) @executable_path/Frameworks";
				PRODUCT_BUNDLE_IDENTIFIER = MapJump;
				PRODUCT_NAME = "$(TARGET_NAME)";
				TARGETED_DEVICE_FAMILY = "1,2";
			};
			name = Release;
		};
		EA878C151E7AE7220009B926 /* Debug */ = {
			isa = XCBuildConfiguration;
			buildSettings = {
				BUNDLE_LOADER = "$(TEST_HOST)";
				DEVELOPMENT_TEAM = 6QP6YPWCTN;
				INFOPLIST_FILE = MapJumpTests/Info.plist;
				LD_RUNPATH_SEARCH_PATHS = "$(inherited) @executable_path/Frameworks @loader_path/Frameworks";
				PRODUCT_BUNDLE_IDENTIFIER = zhangsaibao.MapJumpTests;
				PRODUCT_NAME = "$(TARGET_NAME)";
				TEST_HOST = "$(BUILT_PRODUCTS_DIR)/MapJump.app/MapJump";
			};
			name = Debug;
		};
		EA878C161E7AE7220009B926 /* Release */ = {
			isa = XCBuildConfiguration;
			buildSettings = {
				BUNDLE_LOADER = "$(TEST_HOST)";
				DEVELOPMENT_TEAM = 6QP6YPWCTN;
				INFOPLIST_FILE = MapJumpTests/Info.plist;
				LD_RUNPATH_SEARCH_PATHS = "$(inherited) @executable_path/Frameworks @loader_path/Frameworks";
				PRODUCT_BUNDLE_IDENTIFIER = zhangsaibao.MapJumpTests;
				PRODUCT_NAME = "$(TARGET_NAME)";
				TEST_HOST = "$(BUILT_PRODUCTS_DIR)/MapJump.app/MapJump";
			};
			name = Release;
		};
		EA878C181E7AE7220009B926 /* Debug */ = {
			isa = XCBuildConfiguration;
			buildSettings = {
				DEVELOPMENT_TEAM = 6QP6YPWCTN;
				INFOPLIST_FILE = MapJumpUITests/Info.plist;
				LD_RUNPATH_SEARCH_PATHS = "$(inherited) @executable_path/Frameworks @loader_path/Frameworks";
				PRODUCT_BUNDLE_IDENTIFIER = zhangsaibao.MapJumpUITests;
				PRODUCT_NAME = "$(TARGET_NAME)";
				TEST_TARGET_NAME = MapJump;
			};
			name = Debug;
		};
		EA878C191E7AE7220009B926 /* Release */ = {
			isa = XCBuildConfiguration;
			buildSettings = {
				DEVELOPMENT_TEAM = 6QP6YPWCTN;
				INFOPLIST_FILE = MapJumpUITests/Info.plist;
				LD_RUNPATH_SEARCH_PATHS = "$(inherited) @executable_path/Frameworks @loader_path/Frameworks";
				PRODUCT_BUNDLE_IDENTIFIER = zhangsaibao.MapJumpUITests;
				PRODUCT_NAME = "$(TARGET_NAME)";
				TEST_TARGET_NAME = MapJump;
			};
			name = Release;
		};
/* End XCBuildConfiguration section */

/* Begin XCConfigurationList section */
		EA878BDF1E7AE7220009B926 /* Build configuration list for PBXProject "MapJump" */ = {
			isa = XCConfigurationList;
			buildConfigurations = (
				EA878C0F1E7AE7220009B926 /* Debug */,
				EA878C101E7AE7220009B926 /* Release */,
			);
			defaultConfigurationIsVisible = 0;
			defaultConfigurationName = Release;
		};
		EA878C111E7AE7220009B926 /* Build configuration list for PBXNativeTarget "MapJump" */ = {
			isa = XCConfigurationList;
			buildConfigurations = (
				EA878C121E7AE7220009B926 /* Debug */,
				EA878C131E7AE7220009B926 /* Release */,
			);
			defaultConfigurationIsVisible = 0;
			defaultConfigurationName = Release;
		};
		EA878C141E7AE7220009B926 /* Build configuration list for PBXNativeTarget "MapJumpTests" */ = {
			isa = XCConfigurationList;
			buildConfigurations = (
				EA878C151E7AE7220009B926 /* Debug */,
				EA878C161E7AE7220009B926 /* Release */,
			);
			defaultConfigurationIsVisible = 0;
			defaultConfigurationName = Release;
		};
		EA878C171E7AE7220009B926 /* Build configuration list for PBXNativeTarget "MapJumpUITests" */ = {
			isa = XCConfigurationList;
			buildConfigurations = (
				EA878C181E7AE7220009B926 /* Debug */,
				EA878C191E7AE7220009B926 /* Release */,
			);
			defaultConfigurationIsVisible = 0;
			defaultConfigurationName = Release;
		};
/* End XCConfigurationList section */
	};
	rootObject = EA878BDC1E7AE7220009B926 /* Project object */;
}
